
Microsoft Visual Studio Solution File, Format Version 12.00
# Visual Studio Version 17
VisualStudioVersion = 17.3.32825.248
MinimumVisualStudioVersion = 10.0.40219.1
Project("{FAE04EC0-301F-11D3-BF4B-00C04F79EFBC}") = "LogisticCompanyLO", "LogisticCompanyLO\LogisticCompanyLO.csproj", "{453E1A92-8583-40C4-962F-67B681CB78C8}"
EndProject
Global
	GlobalSection(SolutionConfigurationPlatforms) = preSolution
		Debug|Any CPU = Debug|Any CPU
		Release|Any CPU = Release|Any CPU
	EndGlobalSection
	GlobalSection(ProjectConfigurationPlatforms) = postSolution
		{453E1A92-8583-40C4-962F-67B681CB78C8}.Debug|Any CPU.ActiveCfg = Debug|Any CPU
		{453E1A92-8583-40C4-962F-67B681CB78C8}.Debug|Any CPU.Build.0 = Debug|Any CPU
		{453E1A92-8583-40C4-962F-67B681CB78C8}.Release|Any CPU.ActiveCfg = Release|Any CPU
		{453E1A92-8583-40C4-962F-67B681CB78C8}.Release|Any CPU.Build.0 = Release|Any CPU
	EndGlobalSection
	GlobalSection(SolutionProperties) = preSolution
		HideSolutionNode = FALSE
	EndGlobalSection
	GlobalSection(ExtensibilityGlobals) = postSolution
		SolutionGuid = {F829EB26-E528-42DC-B36D-455D8D4ABF10}
	EndGlobalSection
EndGlobal
